PODS:
  - DeepstreamIO (2.0.6):
    - Starscream (~> 2.0.3)
  - GoogleMaps (2.1.0):
    - GoogleMaps/Maps (= 2.1.0)
  - GoogleMaps/Base (2.1.0)
  - GoogleMaps/Maps (2.1.0):
    - GoogleMaps/Base (= 2.1.0)
  - SnapKit (3.2.0)
  - Starscream (2.0.3)
  - SwiftyJSON (3.0.0)

DEPENDENCIES:
  - DeepstreamIO
  - GoogleMaps (= 2.1.0)
  - SnapKit
  - SwiftyJSON (= 3.0.0)

SPEC CHECKSUMS:
  DeepstreamIO: c2272511790fe652078009f85656c1528fe2f5a5
  GoogleMaps: 06589b9a38097bce0cd6e90f0fd9b5e4b4a9344c
  SnapKit: 1ca44df72cfa543218d177cb8aab029d10d86ea7
  Starscream: 3fdd5c277e57cca6b5c406d274e3f34a7c88f2ce
  SwiftyJSON: f57b2b44bc166617372d1c70773591fe9f0f5fd4

PODFILE CHECKSUM: e5abbf70db806cf96dc6ddbf73f731ac2754dd23

COCOAPODS: 1.1.1
