// !$*UTF8*$!
{
	archiveVersion = 1;
	classes = {
	};
	objectVersion = 46;
	objects = {

/* Begin PBXBuildFile section */
		70078B3C1E95A2830026E5DE /* UserSettingsViewController.swift in Sources */ = {isa = PBXBuildFile; fileRef = 70078B3B1E95A2830026E5DE /* UserSettingsViewController.swift */; };
		70078B3E1E95A2960026E5DE /* UserDonationHistoryViewController.swift in Sources */ = {isa = PBXBuildFile; fileRef = 70078B3D1E95A2960026E5DE /* UserDonationHistoryViewController.swift */; };
		70078B401E95A2BA0026E5DE /* StoreViewController.swift in Sources */ = {isa = PBXBuildFile; fileRef = 70078B3F1E95A2BA0026E5DE /* StoreViewController.swift */; };
		70078B421E95A2CF0026E5DE /* CharitiesViewController.swift in Sources */ = {isa = PBXBuildFile; fileRef = 70078B411E95A2CE0026E5DE /* CharitiesViewController.swift */; };
		70078B471E95AA360026E5DE /* ActivityFeedViewController.swift in Sources */ = {isa = PBXBuildFile; fileRef = 70078B461E95AA360026E5DE /* ActivityFeedViewController.swift */; };
		704B99CF1E81E1820035436C /* WWMarker.swift in Sources */ = {isa = PBXBuildFile; fileRef = 704B99CE1E81E1820035436C /* WWMarker.swift */; };
		70501EA91E85926500F507BB /* WinWinExtensions.swift in Sources */ = {isa = PBXBuildFile; fileRef = 70501EA81E85926500F507BB /* WinWinExtensions.swift */; };
		7057C5491E7492AD006224F6 /* RunTimeHandler.swift in Sources */ = {isa = PBXBuildFile; fileRef = 7057C5481E7492AD006224F6 /* RunTimeHandler.swift */; };
		7057C54B1E7492EB006224F6 /* AppConnectionStateListener.swift in Sources */ = {isa = PBXBuildFile; fileRef = 7057C54A1E7492EA006224F6 /* AppConnectionStateListener.swift */; };
		707D26B51E96ECB50006DD11 /* BearingiewBound.swift in Sources */ = {isa = PBXBuildFile; fileRef = 707D26B41E96ECB50006DD11 /* BearingiewBound.swift */; };
		7088BA441E9D7AD500392D0F /* ModalViewController.swift in Sources */ = {isa = PBXBuildFile; fileRef = 7088BA431E9D7AD500392D0F /* ModalViewController.swift */; };
		708B6BE71E940E8D00E8ACE1 /* WinWinConstants.swift in Sources */ = {isa = PBXBuildFile; fileRef = 708B6BE61E940E8D00E8ACE1 /* WinWinConstants.swift */; };
		708B6BE91E94238B00E8ACE1 /* SignupResultsViewController.swift in Sources */ = {isa = PBXBuildFile; fileRef = 708B6BE81E94238A00E8ACE1 /* SignupResultsViewController.swift */; };
		708B6BEB1E94278E00E8ACE1 /* SnapContainerViewController.swift in Sources */ = {isa = PBXBuildFile; fileRef = 708B6BEA1E94278E00E8ACE1 /* SnapContainerViewController.swift */; };
		708D03861E91B85300A098B4 /* DeepstreamClient+Extensions.swift in Sources */ = {isa = PBXBuildFile; fileRef = 708D03821E91B85300A098B4 /* DeepstreamClient+Extensions.swift */; };
		708D03871E91B85300A098B4 /* GSON+Types.swift in Sources */ = {isa = PBXBuildFile; fileRef = 708D03831E91B85300A098B4 /* GSON+Types.swift */; };
		708D03881E91B85300A098B4 /* JavaUtilProperties+Extension.swift in Sources */ = {isa = PBXBuildFile; fileRef = 708D03841E91B85300A098B4 /* JavaUtilProperties+Extension.swift */; };
		7098FEB01E81DD25003B4907 /* WWCrumbMarker.swift in Sources */ = {isa = PBXBuildFile; fileRef = 7098FEAF1E81DD25003B4907 /* WWCrumbMarker.swift */; };
		70ADD3791E74A8A100103C70 /* VerticalScrollViewController.swift in Sources */ = {isa = PBXBuildFile; fileRef = 70ADD3781E74A8A100103C70 /* VerticalScrollViewController.swift */; };
		70ADD37B1E74A9A000103C70 /* UserProfileViewController.swift in Sources */ = {isa = PBXBuildFile; fileRef = 70ADD37A1E74A9A000103C70 /* UserProfileViewController.swift */; };
		70ADD37D1E75902B00103C70 /* WWCoinMarker.swift in Sources */ = {isa = PBXBuildFile; fileRef = 70ADD37C1E75902B00103C70 /* WWCoinMarker.swift */; };
		70BFBB561E8BDA000081A744 /* MapViewController.swift in Sources */ = {isa = PBXBuildFile; fileRef = 70BFBB551E8BDA000081A744 /* MapViewController.swift */; };
		70DC7DBB1E74348300045A1D /* AppDelegate.swift in Sources */ = {isa = PBXBuildFile; fileRef = 70DC7DBA1E74348300045A1D /* AppDelegate.swift */; };
		70DC7DC01E74348300045A1D /* Main.storyboard in Resources */ = {isa = PBXBuildFile; fileRef = 70DC7DBE1E74348300045A1D /* Main.storyboard */; };
		70DC7DC31E74348300045A1D /* WinWin.xcdatamodeld in Sources */ = {isa = PBXBuildFile; fileRef = 70DC7DC11E74348300045A1D /* WinWin.xcdatamodeld */; };
		70DC7DC51E74348300045A1D /* Assets.xcassets in Resources */ = {isa = PBXBuildFile; fileRef = 70DC7DC41E74348300045A1D /* Assets.xcassets */; };
		70DC7DC81E74348300045A1D /* LaunchScreen.storyboard in Resources */ = {isa = PBXBuildFile; fileRef = 70DC7DC61E74348300045A1D /* LaunchScreen.storyboard */; };
		70DC7DD41E74403D00045A1D /* SignupViewController.swift in Sources */ = {isa = PBXBuildFile; fileRef = 70DC7DD31E74403D00045A1D /* SignupViewController.swift */; };
		70DC7DD61E7440E600045A1D /* LoginViewController.swift in Sources */ = {isa = PBXBuildFile; fileRef = 70DC7DD51E7440E600045A1D /* LoginViewController.swift */; };
		70DC7DD81E7444CB00045A1D /* GameMapViewController.swift in Sources */ = {isa = PBXBuildFile; fileRef = 70DC7DD71E7444CB00045A1D /* GameMapViewController.swift */; };
		70DC7DE11E748CD700045A1D /* DeepStreamSingleton.swift in Sources */ = {isa = PBXBuildFile; fileRef = 70DC7DE01E748CD700045A1D /* DeepStreamSingleton.swift */; };
		9D49F3E466C6D5D1EE5A9AD2 /* Pods_WinWin.framework in Frameworks */ = {isa = PBXBuildFile; fileRef = AFC8F7446BCC1ED644BD4640 /* Pods_WinWin.framework */; };
/* End PBXBuildFile section */

/* Begin PBXFileReference section */
		6A6F2B33FAEDD030DE17CF2F /* Pods-WinWin.debug.xcconfig */ = {isa = PBXFileReference; includeInIndex = 1; lastKnownFileType = text.xcconfig; name = "Pods-WinWin.debug.xcconfig"; path = "Pods/Target Support Files/Pods-WinWin/Pods-WinWin.debug.xcconfig"; sourceTree = "<group>"; };
		70078B3B1E95A2830026E5DE /* UserSettingsViewController.swift */ = {isa = PBXFileReference; fileEncoding = 4; lastKnownFileType = sourcecode.swift; path = UserSettingsViewController.swift; sourceTree = "<group>"; };
		70078B3D1E95A2960026E5DE /* UserDonationHistoryViewController.swift */ = {isa = PBXFileReference; fileEncoding = 4; lastKnownFileType = sourcecode.swift; path = UserDonationHistoryViewController.swift; sourceTree = "<group>"; };
		70078B3F1E95A2BA0026E5DE /* StoreViewController.swift */ = {isa = PBXFileReference; fileEncoding = 4; lastKnownFileType = sourcecode.swift; path = StoreViewController.swift; sourceTree = "<group>"; };
		70078B411E95A2CE0026E5DE /* CharitiesViewController.swift */ = {isa = PBXFileReference; fileEncoding = 4; lastKnownFileType = sourcecode.swift; path = CharitiesViewController.swift; sourceTree = "<group>"; };
		70078B461E95AA360026E5DE /* ActivityFeedViewController.swift */ = {isa = PBXFileReference; fileEncoding = 4; lastKnownFileType = sourcecode.swift; path = ActivityFeedViewController.swift; sourceTree = "<group>"; };
		704B99CE1E81E1820035436C /* WWMarker.swift */ = {isa = PBXFileReference; fileEncoding = 4; lastKnownFileType = sourcecode.swift; path = WWMarker.swift; sourceTree = "<group>"; };
		70501EA81E85926500F507BB /* WinWinExtensions.swift */ = {isa = PBXFileReference; fileEncoding = 4; lastKnownFileType = sourcecode.swift; path = WinWinExtensions.swift; sourceTree = "<group>"; };
		7057C5481E7492AD006224F6 /* RunTimeHandler.swift */ = {isa = PBXFileReference; fileEncoding = 4; lastKnownFileType = sourcecode.swift; path = RunTimeHandler.swift; sourceTree = "<group>"; };
		7057C54A1E7492EA006224F6 /* AppConnectionStateListener.swift */ = {isa = PBXFileReference; fileEncoding = 4; lastKnownFileType = sourcecode.swift; path = AppConnectionStateListener.swift; sourceTree = "<group>"; };
		707D26B41E96ECB50006DD11 /* BearingiewBound.swift */ = {isa = PBXFileReference; fileEncoding = 4; lastKnownFileType = sourcecode.swift; path = BearingiewBound.swift; sourceTree = "<group>"; };
		7088BA431E9D7AD500392D0F /* ModalViewController.swift */ = {isa = PBXFileReference; fileEncoding = 4; lastKnownFileType = sourcecode.swift; name = ModalViewController.swift; path = ../ModalViewController.swift; sourceTree = "<group>"; };
		708B6BE61E940E8D00E8ACE1 /* WinWinConstants.swift */ = {isa = PBXFileReference; fileEncoding = 4; lastKnownFileType = sourcecode.swift; path = WinWinConstants.swift; sourceTree = "<group>"; };
		708B6BE81E94238A00E8ACE1 /* SignupResultsViewController.swift */ = {isa = PBXFileReference; fileEncoding = 4; lastKnownFileType = sourcecode.swift; name = SignupResultsViewController.swift; path = WinWin/SignupResultsViewController.swift; sourceTree = "<group>"; };
		708B6BEA1E94278E00E8ACE1 /* SnapContainerViewController.swift */ = {isa = PBXFileReference; fileEncoding = 4; lastKnownFileType = sourcecode.swift; path = SnapContainerViewController.swift; sourceTree = "<group>"; };
		708D03821E91B85300A098B4 /* DeepstreamClient+Extensions.swift */ = {isa = PBXFileReference; fileEncoding = 4; lastKnownFileType = sourcecode.swift; name = "DeepstreamClient+Extensions.swift"; path = "swift/DeepstreamClient+Extensions.swift"; sourceTree = "<group>"; };
		708D03831E91B85300A098B4 /* GSON+Types.swift */ = {isa = PBXFileReference; fileEncoding = 4; lastKnownFileType = sourcecode.swift; name = "GSON+Types.swift"; path = "swift/GSON+Types.swift"; sourceTree = "<group>"; };
		708D03841E91B85300A098B4 /* JavaUtilProperties+Extension.swift */ = {isa = PBXFileReference; fileEncoding = 4; lastKnownFileType = sourcecode.swift; name = "JavaUtilProperties+Extension.swift"; path = "swift/JavaUtilProperties+Extension.swift"; sourceTree = "<group>"; };
		7098FEAF1E81DD25003B4907 /* WWCrumbMarker.swift */ = {isa = PBXFileReference; fileEncoding = 4; lastKnownFileType = sourcecode.swift; path = WWCrumbMarker.swift; sourceTree = "<group>"; };
		70ADD3781E74A8A100103C70 /* VerticalScrollViewController.swift */ = {isa = PBXFileReference; fileEncoding = 4; lastKnownFileType = sourcecode.swift; path = VerticalScrollViewController.swift; sourceTree = "<group>"; };
		70ADD37A1E74A9A000103C70 /* UserProfileViewController.swift */ = {isa = PBXFileReference; fileEncoding = 4; lastKnownFileType = sourcecode.swift; path = UserProfileViewController.swift; sourceTree = "<group>"; };
		70ADD37C1E75902B00103C70 /* WWCoinMarker.swift */ = {isa = PBXFileReference; fileEncoding = 4; lastKnownFileType = sourcecode.swift; path = WWCoinMarker.swift; sourceTree = "<group>"; };
		70BFBB551E8BDA000081A744 /* MapViewController.swift */ = {isa = PBXFileReference; fileEncoding = 4; lastKnownFileType = sourcecode.swift; path = MapViewController.swift; sourceTree = "<group>"; };
		70DC7DB71E74348300045A1D /* WinWin.app */ = {isa = PBXFileReference; explicitFileType = wrapper.application; includeInIndex = 0; path = WinWin.app; sourceTree = BUILT_PRODUCTS_DIR; };
		70DC7DBA1E74348300045A1D /* AppDelegate.swift */ = {isa = PBXFileReference; lastKnownFileType = sourcecode.swift; path = AppDelegate.swift; sourceTree = "<group>"; };
		70DC7DBF1E74348300045A1D /* Base */ = {isa = PBXFileReference; lastKnownFileType = file.storyboard; name = Base; path = Base.lproj/Main.storyboard; sourceTree = "<group>"; };
		70DC7DC21E74348300045A1D /* WinWin.xcdatamodel */ = {isa = PBXFileReference; lastKnownFileType = wrapper.xcdatamodel; path = WinWin.xcdatamodel; sourceTree = "<group>"; };
		70DC7DC41E74348300045A1D /* Assets.xcassets */ = {isa = PBXFileReference; lastKnownFileType = folder.assetcatalog; path = Assets.xcassets; sourceTree = "<group>"; };
		70DC7DC71E74348300045A1D /* Base */ = {isa = PBXFileReference; lastKnownFileType = file.storyboard; name = Base; path = Base.lproj/LaunchScreen.storyboard; sourceTree = "<group>"; };
		70DC7DC91E74348300045A1D /* Info.plist */ = {isa = PBXFileReference; lastKnownFileType = text.plist.xml; path = Info.plist; sourceTree = "<group>"; };
		70DC7DD21E74365C00045A1D /* WinWin-Bridging-Header.h */ = {isa = PBXFileReference; lastKnownFileType = sourcecode.c.h; path = "WinWin-Bridging-Header.h"; sourceTree = "<group>"; };
		70DC7DD31E74403D00045A1D /* SignupViewController.swift */ = {isa = PBXFileReference; fileEncoding = 4; lastKnownFileType = sourcecode.swift; name = SignupViewController.swift; path = WinWin/SignupViewController.swift; sourceTree = "<group>"; };
		70DC7DD51E7440E600045A1D /* LoginViewController.swift */ = {isa = PBXFileReference; fileEncoding = 4; lastKnownFileType = sourcecode.swift; name = LoginViewController.swift; path = WinWin/LoginViewController.swift; sourceTree = "<group>"; };
		70DC7DD71E7444CB00045A1D /* GameMapViewController.swift */ = {isa = PBXFileReference; fileEncoding = 4; lastKnownFileType = sourcecode.swift; path = GameMapViewController.swift; sourceTree = "<group>"; };
		70DC7DE01E748CD700045A1D /* DeepStreamSingleton.swift */ = {isa = PBXFileReference; fileEncoding = 4; lastKnownFileType = sourcecode.swift; path = DeepStreamSingleton.swift; sourceTree = "<group>"; };
		82A9DBDA4E610D1FF61F25FF /* Pods-WinWin.release.xcconfig */ = {isa = PBXFileReference; includeInIndex = 1; lastKnownFileType = text.xcconfig; name = "Pods-WinWin.release.xcconfig"; path = "Pods/Target Support Files/Pods-WinWin/Pods-WinWin.release.xcconfig"; sourceTree = "<group>"; };
		AFC8F7446BCC1ED644BD4640 /* Pods_WinWin.framework */ = {isa = PBXFileReference; explicitFileType = wrapper.framework; includeInIndex = 0; path = Pods_WinWin.framework; sourceTree = BUILT_PRODUCTS_DIR; };
/* End PBXFileReference section */

/* Begin PBXFrameworksBuildPhase section */
		70DC7DB41E74348300045A1D /* Frameworks */ = {
			isa = PBXFrameworksBuildPhase;
			buildActionMask = 2147483647;
			files = (
				9D49F3E466C6D5D1EE5A9AD2 /* Pods_WinWin.framework in Frameworks */,
			);
			runOnlyForDeploymentPostprocessing = 0;
		};
/* End PBXFrameworksBuildPhase section */

/* Begin PBXGroup section */
		16903B98F80282CD16E4EB3C /* Frameworks */ = {
			isa = PBXGroup;
			children = (
				AFC8F7446BCC1ED644BD4640 /* Pods_WinWin.framework */,
			);
			name = Frameworks;
			sourceTree = "<group>";
		};
		70078B431E95A2D50026E5DE /* UserProfile */ = {
			isa = PBXGroup;
			children = (
				70ADD37A1E74A9A000103C70 /* UserProfileViewController.swift */,
				70078B3B1E95A2830026E5DE /* UserSettingsViewController.swift */,
				70078B3D1E95A2960026E5DE /* UserDonationHistoryViewController.swift */,
				70078B3F1E95A2BA0026E5DE /* StoreViewController.swift */,
				70078B411E95A2CE0026E5DE /* CharitiesViewController.swift */,
			);
			name = UserProfile;
			sourceTree = "<group>";
		};
		70078B441E95A3020026E5DE /* Login */ = {
			isa = PBXGroup;
			children = (
				70DC7DD31E74403D00045A1D /* SignupViewController.swift */,
				70DC7DD51E7440E600045A1D /* LoginViewController.swift */,
				708B6BE81E94238A00E8ACE1 /* SignupResultsViewController.swift */,
			);
			name = Login;
			path = ..;
			sourceTree = "<group>";
		};
		70078B451E95A33C0026E5DE /* Map */ = {
			isa = PBXGroup;
			children = (
				70DC7DD71E7444CB00045A1D /* GameMapViewController.swift */,
				70BFBB551E8BDA000081A744 /* MapViewController.swift */,
			);
			name = Map;
			sourceTree = "<group>";
		};
		70501EA71E85924200F507BB /* MyResources */ = {
			isa = PBXGroup;
			children = (
				70501EA81E85926500F507BB /* WinWinExtensions.swift */,
			);
			name = MyResources;
			path = ..;
			sourceTree = "<group>";
		};
		7057C5471E749291006224F6 /* DeepStream */ = {
			isa = PBXGroup;
			children = (
				70DC7DE01E748CD700045A1D /* DeepStreamSingleton.swift */,
				7057C54A1E7492EA006224F6 /* AppConnectionStateListener.swift */,
				7057C5481E7492AD006224F6 /* RunTimeHandler.swift */,
			);
			name = DeepStream;
			sourceTree = "<group>";
		};
		708D03851E91B85300A098B4 /* Resources */ = {
			isa = PBXGroup;
			children = (
				708D03821E91B85300A098B4 /* DeepstreamClient+Extensions.swift */,
				708D03831E91B85300A098B4 /* GSON+Types.swift */,
				708D03841E91B85300A098B4 /* JavaUtilProperties+Extension.swift */,
			);
			name = Resources;
			path = ../Pods/DeepstreamIO;
			sourceTree = "<group>";
		};
		70DC7DAE1E74348300045A1D = {
			isa = PBXGroup;
			children = (
				70DC7DB91E74348300045A1D /* WinWin */,
				70DC7DB81E74348300045A1D /* Products */,
				AB645CF9277ED0EF7A0EBE43 /* Pods */,
				16903B98F80282CD16E4EB3C /* Frameworks */,
			);
			sourceTree = "<group>";
		};
		70DC7DB81E74348300045A1D /* Products */ = {
			isa = PBXGroup;
			children = (
				70DC7DB71E74348300045A1D /* WinWin.app */,
			);
			name = Products;
			sourceTree = "<group>";
		};
		70DC7DB91E74348300045A1D /* WinWin */ = {
			isa = PBXGroup;
			children = (
				70DC7DBA1E74348300045A1D /* AppDelegate.swift */,
				708B6BE61E940E8D00E8ACE1 /* WinWinConstants.swift */,
				7057C5471E749291006224F6 /* DeepStream */,
				70DC7DD11E7434E000045A1D /* Views */,
				70DC7DD01E7434BC00045A1D /* Models */,
				70DC7DCF1E7434B100045A1D /* Controllers */,
				70DC7DBE1E74348300045A1D /* Main.storyboard */,
				70DC7DC41E74348300045A1D /* Assets.xcassets */,
				70DC7DC61E74348300045A1D /* LaunchScreen.storyboard */,
				70DC7DC91E74348300045A1D /* Info.plist */,
				70DC7DC11E74348300045A1D /* WinWin.xcdatamodeld */,
				70DC7DD21E74365C00045A1D /* WinWin-Bridging-Header.h */,
				708D03851E91B85300A098B4 /* Resources */,
				70501EA71E85924200F507BB /* MyResources */,
			);
			path = WinWin;
			sourceTree = "<group>";
		};
		70DC7DCF1E7434B100045A1D /* Controllers */ = {
			isa = PBXGroup;
			children = (
				7088BA431E9D7AD500392D0F /* ModalViewController.swift */,
				70078B451E95A33C0026E5DE /* Map */,
				70078B441E95A3020026E5DE /* Login */,
				70078B431E95A2D50026E5DE /* UserProfile */,
				70ADD3781E74A8A100103C70 /* VerticalScrollViewController.swift */,
				70078B461E95AA360026E5DE /* ActivityFeedViewController.swift */,
				708B6BEA1E94278E00E8ACE1 /* SnapContainerViewController.swift */,
			);
			name = Controllers;
			sourceTree = "<group>";
		};
		70DC7DD01E7434BC00045A1D /* Models */ = {
			isa = PBXGroup;
			children = (
				707D26B41E96ECB50006DD11 /* BearingiewBound.swift */,
			);
			name = Models;
			sourceTree = "<group>";
		};
		70DC7DD11E7434E000045A1D /* Views */ = {
			isa = PBXGroup;
			children = (
				70ADD37C1E75902B00103C70 /* WWCoinMarker.swift */,
				7098FEAF1E81DD25003B4907 /* WWCrumbMarker.swift */,
				704B99CE1E81E1820035436C /* WWMarker.swift */,
			);
			name = Views;
			sourceTree = "<group>";
		};
		AB645CF9277ED0EF7A0EBE43 /* Pods */ = {
			isa = PBXGroup;
			children = (
				6A6F2B33FAEDD030DE17CF2F /* Pods-WinWin.debug.xcconfig */,
				82A9DBDA4E610D1FF61F25FF /* Pods-WinWin.release.xcconfig */,
			);
			name = Pods;
			sourceTree = "<group>";
		};
/* End PBXGroup section */

/* Begin PBXNativeTarget section */
		70DC7DB61E74348300045A1D /* WinWin */ = {
			isa = PBXNativeTarget;
			buildConfigurationList = 70DC7DCC1E74348300045A1D /* Build configuration list for PBXNativeTarget "WinWin" */;
			buildPhases = (
				94E789ECA09885E7D8796BF8 /* [CP] Check Pods Manifest.lock */,
				70DC7DB31E74348300045A1D /* Sources */,
				70DC7DB41E74348300045A1D /* Frameworks */,
				70DC7DB51E74348300045A1D /* Resources */,
				B1E006917A8FB8536D511993 /* [CP] Embed Pods Frameworks */,
				5EECCBBA15A31D457A7935E3 /* [CP] Copy Pods Resources */,
			);
			buildRules = (
			);
			dependencies = (
			);
			name = WinWin;
			productName = WinWin;
			productReference = 70DC7DB71E74348300045A1D /* WinWin.app */;
			productType = "com.apple.product-type.application";
		};
/* End PBXNativeTarget section */

/* Begin PBXProject section */
		70DC7DAF1E74348300045A1D /* Project object */ = {
			isa = PBXProject;
			attributes = {
				LastSwiftUpdateCheck = 0820;
				LastUpgradeCheck = 0820;
				ORGANIZATIONNAME = "WinWin Inc";
				TargetAttributes = {
					70DC7DB61E74348300045A1D = {
						CreatedOnToolsVersion = 8.2.1;
						DevelopmentTeam = RTSKW6FF65;
						ProvisioningStyle = Automatic;
					};
				};
			};
			buildConfigurationList = 70DC7DB21E74348300045A1D /* Build configuration list for PBXProject "WinWin" */;
			compatibilityVersion = "Xcode 3.2";
			developmentRegion = English;
			hasScannedForEncodings = 0;
			knownRegions = (
				en,
				Base,
			);
			mainGroup = 70DC7DAE1E74348300045A1D;
			productRefGroup = 70DC7DB81E74348300045A1D /* Products */;
			projectDirPath = "";
			projectRoot = "";
			targets = (
				70DC7DB61E74348300045A1D /* WinWin */,
			);
		};
/* End PBXProject section */

/* Begin PBXResourcesBuildPhase section */
		70DC7DB51E74348300045A1D /* Resources */ = {
			isa = PBXResourcesBuildPhase;
			buildActionMask = 2147483647;
			files = (
				70DC7DC81E74348300045A1D /* LaunchScreen.storyboard in Resources */,
				70DC7DC51E74348300045A1D /* Assets.xcassets in Resources */,
				70DC7DC01E74348300045A1D /* Main.storyboard in Resources */,
			);
			runOnlyForDeploymentPostprocessing = 0;
		};
/* End PBXResourcesBuildPhase section */

/* Begin PBXShellScriptBuildPhase section */
		5EECCBBA15A31D457A7935E3 /* [CP] Copy Pods Resources */ = {
			isa = PBXShellScriptBuildPhase;
			buildActionMask = 2147483647;
			files = (
			);
			inputPaths = (
			);
			name = "[CP] Copy Pods Resources";
			outputPaths = (
			);
			runOnlyForDeploymentPostprocessing = 0;
			shellPath = /bin/sh;
			shellScript = "\"${SRCROOT}/Pods/Target Support Files/Pods-WinWin/Pods-WinWin-resources.sh\"\n";
			showEnvVarsInLog = 0;
		};
		94E789ECA09885E7D8796BF8 /* [CP] Check Pods Manifest.lock */ = {
			isa = PBXShellScriptBuildPhase;
			buildActionMask = 2147483647;
			files = (
			);
			inputPaths = (
			);
			name = "[CP] Check Pods Manifest.lock";
			outputPaths = (
			);
			runOnlyForDeploymentPostprocessing = 0;
			shellPath = /bin/sh;
			shellScript = "diff \"${PODS_ROOT}/../Podfile.lock\" \"${PODS_ROOT}/Manifest.lock\" > /dev/null\nif [ $? != 0 ] ; then\n    # print error to STDERR\n    echo \"error: The sandbox is not in sync with the Podfile.lock. Run 'pod install' or update your CocoaPods installation.\" >&2\n    exit 1\nfi\n";
			showEnvVarsInLog = 0;
		};
		B1E006917A8FB8536D511993 /* [CP] Embed Pods Frameworks */ = {
			isa = PBXShellScriptBuildPhase;
			buildActionMask = 2147483647;
			files = (
			);
			inputPaths = (
			);
			name = "[CP] Embed Pods Frameworks";
			outputPaths = (
			);
			runOnlyForDeploymentPostprocessing = 0;
			shellPath = /bin/sh;
			shellScript = "\"${SRCROOT}/Pods/Target Support Files/Pods-WinWin/Pods-WinWin-frameworks.sh\"\n";
			showEnvVarsInLog = 0;
		};
/* End PBXShellScriptBuildPhase section */

/* Begin PBXSourcesBuildPhase section */
		70DC7DB31E74348300045A1D /* Sources */ = {
			isa = PBXSourcesBuildPhase;
			buildActionMask = 2147483647;
			files = (
				70DC7DBB1E74348300045A1D /* AppDelegate.swift in Sources */,
				70078B471E95AA360026E5DE /* ActivityFeedViewController.swift in Sources */,
				7057C54B1E7492EB006224F6 /* AppConnectionStateListener.swift in Sources */,
				70DC7DD41E74403D00045A1D /* SignupViewController.swift in Sources */,
				70DC7DE11E748CD700045A1D /* DeepStreamSingleton.swift in Sources */,
				708D03861E91B85300A098B4 /* DeepstreamClient+Extensions.swift in Sources */,
				708B6BE71E940E8D00E8ACE1 /* WinWinConstants.swift in Sources */,
				70ADD37D1E75902B00103C70 /* WWCoinMarker.swift in Sources */,
				708D03881E91B85300A098B4 /* JavaUtilProperties+Extension.swift in Sources */,
				70078B3C1E95A2830026E5DE /* UserSettingsViewController.swift in Sources */,
				70078B401E95A2BA0026E5DE /* StoreViewController.swift in Sources */,
				70DC7DD61E7440E600045A1D /* LoginViewController.swift in Sources */,
				70DC7DD81E7444CB00045A1D /* GameMapViewController.swift in Sources */,
				70078B421E95A2CF0026E5DE /* CharitiesViewController.swift in Sources */,
				70ADD37B1E74A9A000103C70 /* UserProfileViewController.swift in Sources */,
				707D26B51E96ECB50006DD11 /* BearingiewBound.swift in Sources */,
				708B6BEB1E94278E00E8ACE1 /* SnapContainerViewController.swift in Sources */,
				704B99CF1E81E1820035436C /* WWMarker.swift in Sources */,
				7057C5491E7492AD006224F6 /* RunTimeHandler.swift in Sources */,
				7098FEB01E81DD25003B4907 /* WWCrumbMarker.swift in Sources */,
				7088BA441E9D7AD500392D0F /* ModalViewController.swift in Sources */,
				70501EA91E85926500F507BB /* WinWinExtensions.swift in Sources */,
				708B6BE91E94238B00E8ACE1 /* SignupResultsViewController.swift in Sources */,
				70078B3E1E95A2960026E5DE /* UserDonationHistoryViewController.swift in Sources */,
				70DC7DC31E74348300045A1D /* WinWin.xcdatamodeld in Sources */,
				708D03871E91B85300A098B4 /* GSON+Types.swift in Sources */,
				70ADD3791E74A8A100103C70 /* VerticalScrollViewController.swift in Sources */,
				70BFBB561E8BDA000081A744 /* MapViewController.swift in Sources */,
			);
			runOnlyForDeploymentPostprocessing = 0;
		};
/* End PBXSourcesBuildPhase section */

/* Begin PBXVariantGroup section */
		70DC7DBE1E74348300045A1D /* Main.storyboard */ = {
			isa = PBXVariantGroup;
			children = (
				70DC7DBF1E74348300045A1D /* Base */,
			);
			name = Main.storyboard;
			sourceTree = "<group>";
		};
		70DC7DC61E74348300045A1D /* LaunchScreen.storyboard */ = {
			isa = PBXVariantGroup;
			children = (
				70DC7DC71E74348300045A1D /* Base */,
			);
			name = LaunchScreen.storyboard;
			sourceTree = "<group>";
		};
/* End PBXVariantGroup section */

/* Begin XCBuildConfiguration section */
		70DC7DCA1E74348300045A1D /* Debug */ = {
			isa = XCBuildConfiguration;
			buildSettings = {
				ALWAYS_SEARCH_USER_PATHS = NO;
				CLANG_ANALYZER_NONNULL = YES;
				CLANG_CXX_LANGUAGE_STANDARD = "gnu++0x";
				CLANG_CXX_LIBRARY = "libc++";
				CLANG_ENABLE_MODULES = YES;
				CLANG_ENABLE_OBJC_ARC = YES;
				CLANG_WARN_BOOL_CONVERSION = YES;
				CLANG_WARN_CONSTANT_CONVERSION = YES;
				CLANG_WARN_DIRECT_OBJC_ISA_USAGE = YES_ERROR;
				CLANG_WARN_DOCUMENTATION_COMMENTS = YES;
				CLANG_WARN_EMPTY_BODY = YES;
				CLANG_WARN_ENUM_CONVERSION = YES;
				CLANG_WARN_INFINITE_RECURSION = YES;
				CLANG_WARN_INT_CONVERSION = YES;
				CLANG_WARN_OBJC_ROOT_CLASS = YES_ERROR;
				CLANG_WARN_SUSPICIOUS_MOVE = YES;
				CLANG_WARN_UNREACHABLE_CODE = YES;
				CLANG_WARN__DUPLICATE_METHOD_MATCH = YES;
				"CODE_SIGN_IDENTITY[sdk=iphoneos*]" = "iPhone Developer";
				COPY_PHASE_STRIP = NO;
				DEBUG_INFORMATION_FORMAT = dwarf;
				ENABLE_STRICT_OBJC_MSGSEND = YES;
				ENABLE_TESTABILITY = YES;
				GCC_C_LANGUAGE_STANDARD = gnu99;
				GCC_DYNAMIC_NO_PIC = NO;
				GCC_NO_COMMON_BLOCKS = YES;
				GCC_OPTIMIZATION_LEVEL = 0;
				GCC_PREPROCESSOR_DEFINITIONS = (
					"DEBUG=1",
					"$(inherited)",
				);
				GCC_WARN_64_TO_32_BIT_CONVERSION = YES;
				GCC_WARN_ABOUT_RETURN_TYPE = YES_ERROR;
				GCC_WARN_UNDECLARED_SELECTOR = YES;
				GCC_WARN_UNINITIALIZED_AUTOS = YES_AGGRESSIVE;
				GCC_WARN_UNUSED_FUNCTION = YES;
				GCC_WARN_UNUSED_VARIABLE = YES;
				IPHONEOS_DEPLOYMENT_TARGET = 10.2;
				MTL_ENABLE_DEBUG_INFO = YES;
				ONLY_ACTIVE_ARCH = YES;
				SDKROOT = iphoneos;
				SWIFT_ACTIVE_COMPILATION_CONDITIONS = DEBUG;
				SWIFT_OPTIMIZATION_LEVEL = "-Onone";
			};
			name = Debug;
		};
		70DC7DCB1E74348300045A1D /* Release */ = {
			isa = XCBuildConfiguration;
			buildSettings = {
				ALWAYS_SEARCH_USER_PATHS = NO;
				CLANG_ANALYZER_NONNULL = YES;
				CLANG_CXX_LANGUAGE_STANDARD = "gnu++0x";
				CLANG_CXX_LIBRARY = "libc++";
				CLANG_ENABLE_MODULES = YES;
				CLANG_ENABLE_OBJC_ARC = YES;
				CLANG_WARN_BOOL_CONVERSION = YES;
				CLANG_WARN_CONSTANT_CONVERSION = YES;
				CLANG_WARN_DIRECT_OBJC_ISA_USAGE = YES_ERROR;
				CLANG_WARN_DOCUMENTATION_COMMENTS = YES;
				CLANG_WARN_EMPTY_BODY = YES;
				CLANG_WARN_ENUM_CONVERSION = YES;
				CLANG_WARN_INFINITE_RECURSION = YES;
				CLANG_WARN_INT_CONVERSION = YES;
				CLANG_WARN_OBJC_ROOT_CLASS = YES_ERROR;
				CLANG_WARN_SUSPICIOUS_MOVE = YES;
				CLANG_WARN_UNREACHABLE_CODE = YES;
				CLANG_WARN__DUPLICATE_METHOD_MATCH = YES;
				"CODE_SIGN_IDENTITY[sdk=iphoneos*]" = "iPhone Developer";
				COPY_PHASE_STRIP = NO;
				DEBUG_INFORMATION_FORMAT = "dwarf-with-dsym";
				ENABLE_NS_ASSERTIONS = NO;
				ENABLE_STRICT_OBJC_MSGSEND = YES;
				GCC_C_LANGUAGE_STANDARD = gnu99;
				GCC_NO_COMMON_BLOCKS = YES;
				GCC_WARN_64_TO_32_BIT_CONVERSION = YES;
				GCC_WARN_ABOUT_RETURN_TYPE = YES_ERROR;
				GCC_WARN_UNDECLARED_SELECTOR = YES;
				GCC_WARN_UNINITIALIZED_AUTOS = YES_AGGRESSIVE;
				GCC_WARN_UNUSED_FUNCTION = YES;
				GCC_WARN_UNUSED_VARIABLE = YES;
				IPHONEOS_DEPLOYMENT_TARGET = 10.2;
				MTL_ENABLE_DEBUG_INFO = NO;
				SDKROOT = iphoneos;
				SWIFT_OPTIMIZATION_LEVEL = "-Owholemodule";
				VALIDATE_PRODUCT = YES;
			};
			name = Release;
		};
		70DC7DCD1E74348300045A1D /* Debug */ = {
			isa = XCBuildConfiguration;
			baseConfigurationReference = 6A6F2B33FAEDD030DE17CF2F /* Pods-WinWin.debug.xcconfig */;
			buildSettings = {
				ALWAYS_EMBED_SWIFT_STANDARD_LIBRARIES = YES;
				ASSETCATALOG_COMPILER_APPICON_NAME = AppIcon;
				DEVELOPMENT_TEAM = RTSKW6FF65;
				INFOPLIST_FILE = WinWin/Info.plist;
				LD_RUNPATH_SEARCH_PATHS = "$(inherited) @executable_path/Frameworks";
				PRODUCT_BUNDLE_IDENTIFIER = com.WinWin;
				PRODUCT_NAME = "$(TARGET_NAME)";
				SWIFT_OBJC_BRIDGING_HEADER = "WinWin/WinWin-Bridging-Header.h";
				SWIFT_VERSION = 3.0;
			};
			name = Debug;
		};
		70DC7DCE1E74348300045A1D /* Release */ = {
			isa = XCBuildConfiguration;
			baseConfigurationReference = 82A9DBDA4E610D1FF61F25FF /* Pods-WinWin.release.xcconfig */;
			buildSettings = {
				ALWAYS_EMBED_SWIFT_STANDARD_LIBRARIES = YES;
				ASSETCATALOG_COMPILER_APPICON_NAME = AppIcon;
				DEVELOPMENT_TEAM = RTSKW6FF65;
				INFOPLIST_FILE = WinWin/Info.plist;
				LD_RUNPATH_SEARCH_PATHS = "$(inherited) @executable_path/Frameworks";
				PRODUCT_BUNDLE_IDENTIFIER = com.WinWin;
				PRODUCT_NAME = "$(TARGET_NAME)";
				SWIFT_OBJC_BRIDGING_HEADER = "WinWin/WinWin-Bridging-Header.h";
				SWIFT_VERSION = 3.0;
			};
			name = Release;
		};
/* End XCBuildConfiguration section */

/* Begin XCConfigurationList section */
		70DC7DB21E74348300045A1D /* Build configuration list for PBXProject "WinWin" */ = {
			isa = XCConfigurationList;
			buildConfigurations = (
				70DC7DCA1E74348300045A1D /* Debug */,
				70DC7DCB1E74348300045A1D /* Release */,
			);
			defaultConfigurationIsVisible = 0;
			defaultConfigurationName = Release;
		};
		70DC7DCC1E74348300045A1D /* Build configuration list for PBXNativeTarget "WinWin" */ = {
			isa = XCConfigurationList;
			buildConfigurations = (
				70DC7DCD1E74348300045A1D /* Debug */,
				70DC7DCE1E74348300045A1D /* Release */,
			);
			defaultConfigurationIsVisible = 0;
			defaultConfigurationName = Release;
		};
/* End XCConfigurationList section */

/* Begin XCVersionGroup section */
		70DC7DC11E74348300045A1D /* WinWin.xcdatamodeld */ = {
			isa = XCVersionGroup;
			children = (
				70DC7DC21E74348300045A1D /* WinWin.xcdatamodel */,
			);
			currentVersion = 70DC7DC21E74348300045A1D /* WinWin.xcdatamodel */;
			path = WinWin.xcdatamodeld;
			sourceTree = "<group>";
			versionGroupType = wrapper.xcdatamodel;
		};
/* End XCVersionGroup section */
	};
	rootObject = 70DC7DAF1E74348300045A1D /* Project object */;
}
